
Microsoft Visual Studio Solution File, Format Version 12.00
# Visual Studio Version 16
VisualStudioVersion = 16.0.31019.35
MinimumVisualStudioVersion = 10.0.40219.1
Project("{FAE04EC0-301F-11D3-BF4B-00C04F79EFBC}") = "JohnLoachaminExamen.Android", "JohnLoachaminExamen.Android\JohnLoachaminExamen.Android.csproj", "{D3AD2218-6B45-475B-9A27-F7F83D9C98D2}"
EndProject
Project("{FAE04EC0-301F-11D3-BF4B-00C04F79EFBC}") = "JohnLoachaminExamen.iOS", "JohnLoachaminExamen.iOS\JohnLoachaminExamen.iOS.csproj", "{8CBA2D1A-418A-4194-A0FF-58E0AA6585C2}"
EndProject
Project("{FAE04EC0-301F-11D3-BF4B-00C04F79EFBC}") = "JohnLoachaminExamen", "JohnLoachaminExamen\JohnLoachaminExamen.csproj", "{64FB4853-D09A-4415-BB61-7405C923D140}"
EndProject
Global
	GlobalSection(SolutionConfigurationPlatforms) = preSolution
		Debug|Any CPU = Debug|Any CPU
		Debug|iPhone = Debug|iPhone
		Debug|iPhoneSimulator = Debug|iPhoneSimulator
		Release|Any CPU = Release|Any CPU
		Release|iPhone = Release|iPhone
		Release|iPhoneSimulator = Release|iPhoneSimulator
	EndGlobalSection
	GlobalSection(ProjectConfigurationPlatforms) = postSolution
		{D3AD2218-6B45-475B-9A27-F7F83D9C98D2}.Debug|Any CPU.ActiveCfg = Debug|Any CPU
		{D3AD2218-6B45-475B-9A27-F7F83D9C98D2}.Debug|Any CPU.Build.0 = Debug|Any CPU
		{D3AD2218-6B45-475B-9A27-F7F83D9C98D2}.Debug|Any CPU.Deploy.0 = Debug|Any CPU
		{D3AD2218-6B45-475B-9A27-F7F83D9C98D2}.Debug|iPhone.ActiveCfg = Debug|Any CPU
		{D3AD2218-6B45-475B-9A27-F7F83D9C98D2}.Debug|iPhone.Build.0 = Debug|Any CPU
		{D3AD2218-6B45-475B-9A27-F7F83D9C98D2}.Debug|iPhone.Deploy.0 = Debug|Any CPU
		{D3AD2218-6B45-475B-9A27-F7F83D9C98D2}.Debug|iPhoneSimulator.ActiveCfg = Debug|Any CPU
		{D3AD2218-6B45-475B-9A27-F7F83D9C98D2}.Debug|iPhoneSimulator.Build.0 = Debug|Any CPU
		{D3AD2218-6B45-475B-9A27-F7F83D9C98D2}.Debug|iPhoneSimulator.Deploy.0 = Debug|Any CPU
		{D3AD2218-6B45-475B-9A27-F7F83D9C98D2}.Release|Any CPU.ActiveCfg = Release|Any CPU
		{D3AD2218-6B45-475B-9A27-F7F83D9C98D2}.Release|Any CPU.Build.0 = Release|Any CPU
		{D3AD2218-6B45-475B-9A27-F7F83D9C98D2}.Release|Any CPU.Deploy.0 = Release|Any CPU
		{D3AD2218-6B45-475B-9A27-F7F83D9C98D2}.Release|iPhone.ActiveCfg = Release|Any CPU
		{D3AD2218-6B45-475B-9A27-F7F83D9C98D2}.Release|iPhone.Build.0 = Release|Any CPU
		{D3AD2218-6B45-475B-9A27-F7F83D9C98D2}.Release|iPhone.Deploy.0 = Release|Any CPU
		{D3AD2218-6B45-475B-9A27-F7F83D9C98D2}.Release|iPhoneSimulator.ActiveCfg = Release|Any CPU
		{D3AD2218-6B45-475B-9A27-F7F83D9C98D2}.Release|iPhoneSimulator.Build.0 = Release|Any CPU
		{D3AD2218-6B45-475B-9A27-F7F83D9C98D2}.Release|iPhoneSimulator.Deploy.0 = Release|Any CPU
		{8CBA2D1A-418A-4194-A0FF-58E0AA6585C2}.Debug|Any CPU.ActiveCfg = Debug|iPhone
		{8CBA2D1A-418A-4194-A0FF-58E0AA6585C2}.Debug|Any CPU.Build.0 = Debug|iPhone
		{8CBA2D1A-418A-4194-A0FF-58E0AA6585C2}.Debug|Any CPU.Deploy.0 = Debug|iPhone
		{8CBA2D1A-418A-4194-A0FF-58E0AA6585C2}.Debug|iPhone.ActiveCfg = Debug|iPhone
		{8CBA2D1A-418A-4194-A0FF-58E0AA6585C2}.Debug|iPhone.Build.0 = Debug|iPhone
		{8CBA2D1A-418A-4194-A0FF-58E0AA6585C2}.Debug|iPhone.Deploy.0 = Debug|iPhone
		{8CBA2D1A-418A-4194-A0FF-58E0AA6585C2}.Debug|iPhoneSimulator.ActiveCfg = Debug|iPhoneSimulator
		{8CBA2D1A-418A-4194-A0FF-58E0AA6585C2}.Debug|iPhoneSimulator.Build.0 = Debug|iPhoneSimulator
		{8CBA2D1A-418A-4194-A0FF-58E0AA6585C2}.Debug|iPhoneSimulator.Deploy.0 = Debug|iPhoneSimulator
		{8CBA2D1A-418A-4194-A0FF-58E0AA6585C2}.Release|Any CPU.ActiveCfg = Release|iPhoneSimulator
		{8CBA2D1A-418A-4194-A0FF-58E0AA6585C2}.Release|Any CPU.Build.0 = Release|iPhoneSimulator
		{8CBA2D1A-418A-4194-A0FF-58E0AA6585C2}.Release|Any CPU.Deploy.0 = Release|iPhoneSimulator
		{8CBA2D1A-418A-4194-A0FF-58E0AA6585C2}.Release|iPhone.ActiveCfg = Release|iPhone
		{8CBA2D1A-418A-4194-A0FF-58E0AA6585C2}.Release|iPhone.Build.0 = Release|iPhone
		{8CBA2D1A-418A-4194-A0FF-58E0AA6585C2}.Release|iPhone.Deploy.0 = Release|iPhone
		{8CBA2D1A-418A-4194-A0FF-58E0AA6585C2}.Release|iPhoneSimulator.ActiveCfg = Release|iPhoneSimulator
		{8CBA2D1A-418A-4194-A0FF-58E0AA6585C2}.Release|iPhoneSimulator.Build.0 = Release|iPhoneSimulator
		{8CBA2D1A-418A-4194-A0FF-58E0AA6585C2}.Release|iPhoneSimulator.Deploy.0 = Release|iPhoneSimulator
		{64FB4853-D09A-4415-BB61-7405C923D140}.Debug|Any CPU.ActiveCfg = Debug|Any CPU
		{64FB4853-D09A-4415-BB61-7405C923D140}.Debug|Any CPU.Build.0 = Debug|Any CPU
		{64FB4853-D09A-4415-BB61-7405C923D140}.Debug|Any CPU.Deploy.0 = Debug|Any CPU
		{64FB4853-D09A-4415-BB61-7405C923D140}.Debug|iPhone.ActiveCfg = Debug|Any CPU
		{64FB4853-D09A-4415-BB61-7405C923D140}.Debug|iPhone.Build.0 = Debug|Any CPU
		{64FB4853-D09A-4415-BB61-7405C923D140}.Debug|iPhone.Deploy.0 = Debug|Any CPU
		{64FB4853-D09A-4415-BB61-7405C923D140}.Debug|iPhoneSimulator.ActiveCfg = Debug|Any CPU
		{64FB4853-D09A-4415-BB61-7405C923D140}.Debug|iPhoneSimulator.Build.0 = Debug|Any CPU
		{64FB4853-D09A-4415-BB61-7405C923D140}.Debug|iPhoneSimulator.Deploy.0 = Debug|Any CPU
		{64FB4853-D09A-4415-BB61-7405C923D140}.Release|Any CPU.ActiveCfg = Release|Any CPU
		{64FB4853-D09A-4415-BB61-7405C923D140}.Release|Any CPU.Build.0 = Release|Any CPU
		{64FB4853-D09A-4415-BB61-7405C923D140}.Release|Any CPU.Deploy.0 = Release|Any CPU
		{64FB4853-D09A-4415-BB61-7405C923D140}.Release|iPhone.ActiveCfg = Release|Any CPU
		{64FB4853-D09A-4415-BB61-7405C923D140}.Release|iPhone.Build.0 = Release|Any CPU
		{64FB4853-D09A-4415-BB61-7405C923D140}.Release|iPhone.Deploy.0 = Release|Any CPU
		{64FB4853-D09A-4415-BB61-7405C923D140}.Release|iPhoneSimulator.ActiveCfg = Release|Any CPU
		{64FB4853-D09A-4415-BB61-7405C923D140}.Release|iPhoneSimulator.Build.0 = Release|Any CPU
		{64FB4853-D09A-4415-BB61-7405C923D140}.Release|iPhoneSimulator.Deploy.0 = Release|Any CPU
	EndGlobalSection
	GlobalSection(SolutionProperties) = preSolution
		HideSolutionNode = FALSE
	EndGlobalSection
	GlobalSection(ExtensibilityGlobals) = postSolution
		SolutionGuid = {F26E5DF4-006C-4AD6-BAA5-E9D49E041BC3}
	EndGlobalSection
EndGlobal
